
Microsoft Visual Studio Solution File, Format Version 12.00
# Visual Studio Version 17
VisualStudioVersion = 17.14.36203.30 d17.14
MinimumVisualStudioVersion = 10.0.40219.1
Project("{FAE04EC0-301F-11D3-BF4B-00C04F79EFBC}") = "GUI_П-31", "GUI_П-31.csproj", "{49BE0773-C4D5-4AD6-9083-180F6E4BB6CC}"
EndProject
Global
	GlobalSection(SolutionConfigurationPlatforms) = preSolution
		Debug|Any CPU = Debug|Any CPU
		Release|Any CPU = Release|Any CPU
	EndGlobalSection
	GlobalSection(ProjectConfigurationPlatforms) = postSolution
		{49BE0773-C4D5-4AD6-9083-180F6E4BB6CC}.Debug|Any CPU.ActiveCfg = Debug|Any CPU
		{49BE0773-C4D5-4AD6-9083-180F6E4BB6CC}.Debug|Any CPU.Build.0 = Debug|Any CPU
		{49BE0773-C4D5-4AD6-9083-180F6E4BB6CC}.Release|Any CPU.ActiveCfg = Release|Any CPU
		{49BE0773-C4D5-4AD6-9083-180F6E4BB6CC}.Release|Any CPU.Build.0 = Release|Any CPU
	EndGlobalSection
	GlobalSection(SolutionProperties) = preSolution
		HideSolutionNode = FALSE
	EndGlobalSection
	GlobalSection(ExtensibilityGlobals) = postSolution
		SolutionGuid = {668FC79D-6959-4858-9B53-C57847A8C5AB}
	EndGlobalSection
EndGlobal
